
Microsoft Visual Studio Solution File, Format Version 12.00
# Visual Studio Version 17
VisualStudioVersion = 17.7.34202.233
MinimumVisualStudioVersion = 10.0.40219.1
Project("{FAE04EC0-301F-11D3-BF4B-00C04F79EFBC}") = "jim_membership", "jim_membership.csproj", "{F5983D27-BA8B-4469-A497-00A1C0D7F56D}"
EndProject
Global
	GlobalSection(SolutionConfigurationPlatforms) = preSolution
		Debug|Any CPU = Debug|Any CPU
		Release|Any CPU = Release|Any CPU
	EndGlobalSection
	GlobalSection(ProjectConfigurationPlatforms) = postSolution
		{F5983D27-BA8B-4469-A497-00A1C0D7F56D}.Debug|Any CPU.ActiveCfg = Debug|Any CPU
		{F5983D27-BA8B-4469-A497-00A1C0D7F56D}.Debug|Any CPU.Build.0 = Debug|Any CPU
		{F5983D27-BA8B-4469-A497-00A1C0D7F56D}.Release|Any CPU.ActiveCfg = Release|Any CPU
		{F5983D27-BA8B-4469-A497-00A1C0D7F56D}.Release|Any CPU.Build.0 = Release|Any CPU
	EndGlobalSection
	GlobalSection(SolutionProperties) = preSolution
		HideSolutionNode = FALSE
	EndGlobalSection
	GlobalSection(ExtensibilityGlobals) = postSolution
		SolutionGuid = {C4FDC9C7-0BA6-48AD-9F8C-92900ED751A5}
	EndGlobalSection
EndGlobal
